// !$*UTF8*$!
{
	archiveVersion = 1;
	classes = {
	};
	objectVersion = 77;
	objects = {

/* Begin PBXBuildFile section */
		7A0F0D012FF2000000010001 /* Sparkle in Frameworks */ = {isa = PBXBuildFile; productRef = 7A0F0D032FF2000000010003 /* Sparkle */; };
/* End PBXBuildFile section */

/* Begin PBXContainerItemProxy section */
		303A6B3D2FEFE68000E7DA19 /* PBXContainerItemProxy */ = {
			isa = PBXContainerItemProxy;
			containerPortal = 303A6B252FEFE67F00E7DA19 /* Project object */;
			proxyType = 1;
			remoteGlobalIDString = 303A6B2C2FEFE67F00E7DA19;
			remoteInfo = "notch-clip";
		};
		303A6B472FEFE68000E7DA19 /* PBXContainerItemProxy */ = {
			isa = PBXContainerItemProxy;
			containerPortal = 303A6B252FEFE67F00E7DA19 /* Project object */;
			proxyType = 1;
			remoteGlobalIDString = 303A6B2C2FEFE67F00E7DA19;
			remoteInfo = "notch-clip";
		};
/* End PBXContainerItemProxy section */

/* Begin PBXFileReference section */
		303A6B2D2FEFE67F00E7DA19 /* notch-clip.app */ = {isa = PBXFileReference; explicitFileType = wrapper.application; includeInIndex = 0; path = "notch-clip.app"; sourceTree = BUILT_PRODUCTS_DIR; };
		303A6B3C2FEFE68000E7DA19 /* notch-clipTests.xctest */ = {isa = PBXFileReference; explicitFileType = wrapper.cfbundle; includeInIndex = 0; path = "notch-clipTests.xctest"; sourceTree = BUILT_PRODUCTS_DIR; };
		303A6B462FEFE68000E7DA19 /* notch-clipUITests.xctest */ = {isa = PBXFileReference; explicitFileType = wrapper.cfbundle; includeInIndex = 0; path = "notch-clipUITests.xctest"; sourceTree = BUILT_PRODUCTS_DIR; };
/* End PBXFileReference section */

/* Begin PBXFileSystemSynchronizedRootGroup section */
		303A6B2F2FEFE67F00E7DA19 /* notch-clip */ = {
			isa = PBXFileSystemSynchronizedRootGroup;
			path = "notch-clip";
			sourceTree = "<group>";
		};
		303A6B3F2FEFE68000E7DA19 /* notch-clipTests */ = {
			isa = PBXFileSystemSynchronizedRootGroup;
			path = "notch-clipTests";
			sourceTree = "<group>";
		};
		303A6B492FEFE68000E7DA19 /* notch-clipUITests */ = {
			isa = PBXFileSystemSynchronizedRootGroup;
			path = "notch-clipUITests";
			sourceTree = "<group>";
		};
/* End PBXFileSystemSynchronizedRootGroup section */

/* Begin PBXFrameworksBuildPhase section */
		303A6B2A2FEFE67F00E7DA19 /* Frameworks */ = {
			isa = PBXFrameworksBuildPhase;
			buildActionMask = 2147483647;
			files = (
				7A0F0D012FF2000000010001 /* Sparkle in Frameworks */,
			);
			runOnlyForDeploymentPostprocessing = 0;
		};
		303A6B392FEFE68000E7DA19 /* Frameworks */ = {
			isa = PBXFrameworksBuildPhase;
			buildActionMask = 2147483647;
			files = (
			);
			runOnlyForDeploymentPostprocessing = 0;
		};
		303A6B432FEFE68000E7DA19 /* Frameworks */ = {
			isa = PBXFrameworksBuildPhase;
			buildActionMask = 2147483647;
			files = (
			);
			runOnlyForDeploymentPostprocessing = 0;
		};
/* End PBXFrameworksBuildPhase section */

/* Begin PBXGroup section */
		303A6B242FEFE67F00E7DA19 = {
			isa = PBXGroup;
			children = (
				303A6B2F2FEFE67F00E7DA19 /* notch-clip */,
				303A6B3F2FEFE68000E7DA19 /* notch-clipTests */,
				303A6B492FEFE68000E7DA19 /* notch-clipUITests */,
				303A6B2E2FEFE67F00E7DA19 /* Products */,
			);
			sourceTree = "<group>";
		};
		303A6B2E2FEFE67F00E7DA19 /* Products */ = {
			isa = PBXGroup;
			children = (
				303A6B2D2FEFE67F00E7DA19 /* notch-clip.app */,
				303A6B3C2FEFE68000E7DA19 /* notch-clipTests.xctest */,
				303A6B462FEFE68000E7DA19 /* notch-clipUITests.xctest */,
			);
			name = Products;
			sourceTree = "<group>";
		};
/* End PBXGroup section */

/* Begin PBXNativeTarget section */
		303A6B2C2FEFE67F00E7DA19 /* notch-clip */ = {
			isa = PBXNativeTarget;
			buildConfigurationList = 303A6B502FEFE68000E7DA19 /* Build configuration list for PBXNativeTarget "notch-clip" */;
			buildPhases = (
				303A6B292FEFE67F00E7DA19 /* Sources */,
				303A6B2A2FEFE67F00E7DA19 /* Frameworks */,
				303A6B2B2FEFE67F00E7DA19 /* Resources */,
			);
			buildRules = (
			);
			dependencies = (
			);
			fileSystemSynchronizedGroups = (
				303A6B2F2FEFE67F00E7DA19 /* notch-clip */,
			);
			name = "notch-clip";
			packageProductDependencies = (
				7A0F0D032FF2000000010003 /* Sparkle */,
			);
			productName = "notch-clip";
			productReference = 303A6B2D2FEFE67F00E7DA19 /* notch-clip.app */;
			productType = "com.apple.product-type.application";
		};
		303A6B3B2FEFE68000E7DA19 /* notch-clipTests */ = {
			isa = PBXNativeTarget;
			buildConfigurationList = 303A6B532FEFE68000E7DA19 /* Build configuration list for PBXNativeTarget "notch-clipTests" */;
			buildPhases = (
				303A6B382FEFE68000E7DA19 /* Sources */,
				303A6B392FEFE68000E7DA19 /* Frameworks */,
				303A6B3A2FEFE68000E7DA19 /* Resources */,
			);
			buildRules = (
			);
			dependencies = (
				303A6B3E2FEFE68000E7DA19 /* PBXTargetDependency */,
			);
			fileSystemSynchronizedGroups = (
				303A6B3F2FEFE68000E7DA19 /* notch-clipTests */,
			);
			name = "notch-clipTests";
			packageProductDependencies = (
			);
			productName = "notch-clipTests";
			productReference = 303A6B3C2FEFE68000E7DA19 /* notch-clipTests.xctest */;
			productType = "com.apple.product-type.bundle.unit-test";
		};
		303A6B452FEFE68000E7DA19 /* notch-clipUITests */ = {
			isa = PBXNativeTarget;
			buildConfigurationList = 303A6B562FEFE68000E7DA19 /* Build configuration list for PBXNativeTarget "notch-clipUITests" */;
			buildPhases = (
				303A6B422FEFE68000E7DA19 /* Sources */,
				303A6B432FEFE68000E7DA19 /* Frameworks */,
				303A6B442FEFE68000E7DA19 /* Resources */,
			);
			buildRules = (
			);
			dependencies = (
				303A6B482FEFE68000E7DA19 /* PBXTargetDependency */,
			);
			fileSystemSynchronizedGroups = (
				303A6B492FEFE68000E7DA19 /* notch-clipUITests */,
			);
			name = "notch-clipUITests";
			packageProductDependencies = (
			);
			productName = "notch-clipUITests";
			productReference = 303A6B462FEFE68000E7DA19 /* notch-clipUITests.xctest */;
			productType = "com.apple.product-type.bundle.ui-testing";
		};
/* End PBXNativeTarget section */

/* Begin PBXProject section */
		303A6B252FEFE67F00E7DA19 /* Project object */ = {
			isa = PBXProject;
			attributes = {
				BuildIndependentTargetsInParallel = 1;
				LastSwiftUpdateCheck = 2610;
				LastUpgradeCheck = 2610;
				TargetAttributes = {
					303A6B2C2FEFE67F00E7DA19 = {
						CreatedOnToolsVersion = 26.1.1;
					};
					303A6B3B2FEFE68000E7DA19 = {
						CreatedOnToolsVersion = 26.1.1;
						TestTargetID = 303A6B2C2FEFE67F00E7DA19;
					};
					303A6B452FEFE68000E7DA19 = {
						CreatedOnToolsVersion = 26.1.1;
						TestTargetID = 303A6B2C2FEFE67F00E7DA19;
					};
				};
			};
			buildConfigurationList = 303A6B282FEFE67F00E7DA19 /* Build configuration list for PBXProject "notch-clip" */;
			developmentRegion = en;
			hasScannedForEncodings = 0;
			knownRegions = (
				en,
				Base,
			);
			mainGroup = 303A6B242FEFE67F00E7DA19;
			minimizedProjectReferenceProxies = 1;
			packageReferences = (
				7A0F0D022FF2000000010002 /* XCRemoteSwiftPackageReference "Sparkle" */,
			);
			preferredProjectObjectVersion = 77;
			productRefGroup = 303A6B2E2FEFE67F00E7DA19 /* Products */;
			projectDirPath = "";
			projectRoot = "";
			targets = (
				303A6B2C2FEFE67F00E7DA19 /* notch-clip */,
				303A6B3B2FEFE68000E7DA19 /* notch-clipTests */,
				303A6B452FEFE68000E7DA19 /* notch-clipUITests */,
			);
		};
/* End PBXProject section */

/* Begin PBXResourcesBuildPhase section */
		303A6B2B2FEFE67F00E7DA19 /* Resources */ = {
			isa = PBXResourcesBuildPhase;
			buildActionMask = 2147483647;
			files = (
			);
			runOnlyForDeploymentPostprocessing = 0;
		};
		303A6B3A2FEFE68000E7DA19 /* Resources */ = {
			isa = PBXResourcesBuildPhase;
			buildActionMask = 2147483647;
			files = (
			);
			runOnlyForDeploymentPostprocessing = 0;
		};
		303A6B442FEFE68000E7DA19 /* Resources */ = {
			isa = PBXResourcesBuildPhase;
			buildActionMask = 2147483647;
			files = (
			);
			runOnlyForDeploymentPostprocessing = 0;
		};
/* End PBXResourcesBuildPhase section */

/* Begin PBXSourcesBuildPhase section */
		303A6B292FEFE67F00E7DA19 /* Sources */ = {
			isa = PBXSourcesBuildPhase;
			buildActionMask = 2147483647;
			files = (
			);
			runOnlyForDeploymentPostprocessing = 0;
		};
		303A6B382FEFE68000E7DA19 /* Sources */ = {
			isa = PBXSourcesBuildPhase;
			buildActionMask = 2147483647;
			files = (
			);
			runOnlyForDeploymentPostprocessing = 0;
		};
		303A6B422FEFE68000E7DA19 /* Sources */ = {
			isa = PBXSourcesBuildPhase;
			buildActionMask = 2147483647;
			files = (
			);
			runOnlyForDeploymentPostprocessing = 0;
		};
/* End PBXSourcesBuildPhase section */

/* Begin PBXTargetDependency section */
		303A6B3E2FEFE68000E7DA19 /* PBXTargetDependency */ = {
			isa = PBXTargetDependency;
			target = 303A6B2C2FEFE67F00E7DA19 /* notch-clip */;
			targetProxy = 303A6B3D2FEFE68000E7DA19 /* PBXContainerItemProxy */;
		};
		303A6B482FEFE68000E7DA19 /* PBXTargetDependency */ = {
			isa = PBXTargetDependency;
			target = 303A6B2C2FEFE67F00E7DA19 /* notch-clip */;
			targetProxy = 303A6B472FEFE68000E7DA19 /* PBXContainerItemProxy */;
		};
/* End PBXTargetDependency section */

/* Begin XCBuildConfiguration section */
		303A6B4E2FEFE68000E7DA19 /* Debug */ = {
			isa = XCBuildConfiguration;
			buildSettings = {
				ALWAYS_SEARCH_USER_PATHS = NO;
				ASSETCATALOG_COMPILER_GENERATE_SWIFT_ASSET_SYMBOL_EXTENSIONS = YES;
				CLANG_ANALYZER_NONNULL = YES;
				CLANG_ANALYZER_NUMBER_OBJECT_CONVERSION = YES_AGGRESSIVE;
				CLANG_CXX_LANGUAGE_STANDARD = "gnu++20";
				CLANG_ENABLE_MODULES = YES;
				CLANG_ENABLE_OBJC_ARC = YES;
				CLANG_ENABLE_OBJC_WEAK = YES;
				CLANG_WARN_BLOCK_CAPTURE_AUTORELEASING = YES;
				CLANG_WARN_BOOL_CONVERSION = YES;
				CLANG_WARN_COMMA = YES;
				CLANG_WARN_CONSTANT_CONVERSION = YES;
				CLANG_WARN_DEPRECATED_OBJC_IMPLEMENTATIONS = YES;
				CLANG_WARN_DIRECT_OBJC_ISA_USAGE = YES_ERROR;
				CLANG_WARN_DOCUMENTATION_COMMENTS = YES;
				CLANG_WARN_EMPTY_BODY = YES;
				CLANG_WARN_ENUM_CONVERSION = YES;
				CLANG_WARN_INFINITE_RECURSION = YES;
				CLANG_WARN_INT_CONVERSION = YES;
				CLANG_WARN_NON_LITERAL_NULL_CONVERSION = YES;
				CLANG_WARN_OBJC_IMPLICIT_RETAIN_SELF = YES;
				CLANG_WARN_OBJC_LITERAL_CONVERSION = YES;
				CLANG_WARN_OBJC_ROOT_CLASS = YES_ERROR;
				CLANG_WARN_QUOTED_INCLUDE_IN_FRAMEWORK_HEADER = YES;
				CLANG_WARN_RANGE_LOOP_ANALYSIS = YES;
				CLANG_WARN_STRICT_PROTOTYPES = YES;
				CLANG_WARN_SUSPICIOUS_MOVE = YES;
				CLANG_WARN_UNGUARDED_AVAILABILITY = YES_AGGRESSIVE;
				CLANG_WARN_UNREACHABLE_CODE = YES;
				CLANG_WARN__DUPLICATE_METHOD_MATCH = YES;
				COPY_PHASE_STRIP = NO;
				DEBUG_INFORMATION_FORMAT = dwarf;
				DEVELOPMENT_TEAM = W3Q4RRN5YA;
				ENABLE_STRICT_OBJC_MSGSEND = YES;
				ENABLE_TESTABILITY = YES;
				ENABLE_USER_SCRIPT_SANDBOXING = YES;
				GCC_C_LANGUAGE_STANDARD = gnu17;
				GCC_DYNAMIC_NO_PIC = NO;
				GCC_NO_COMMON_BLOCKS = YES;
				GCC_OPTIMIZATION_LEVEL = 0;
				GCC_PREPROCESSOR_DEFINITIONS = (
					"DEBUG=1",
					"$(inherited)",
				);
				GCC_WARN_64_TO_32_BIT_CONVERSION = YES;
				GCC_WARN_ABOUT_RETURN_TYPE = YES_ERROR;
				GCC_WARN_UNDECLARED_SELECTOR = YES;
				GCC_WARN_UNINITIALIZED_AUTOS = YES_AGGRESSIVE;
				GCC_WARN_UNUSED_FUNCTION = YES;
				GCC_WARN_UNUSED_VARIABLE = YES;
				LOCALIZATION_PREFERS_STRING_CATALOGS = YES;
				MTL_ENABLE_DEBUG_INFO = INCLUDE_SOURCE;
				MTL_FAST_MATH = YES;
				ONLY_ACTIVE_ARCH = YES;
				SWIFT_ACTIVE_COMPILATION_CONDITIONS = "DEBUG $(inherited)";
				SWIFT_OPTIMIZATION_LEVEL = "-Onone";
			};
			name = Debug;
		};
		303A6B4F2FEFE68000E7DA19 /* Release */ = {
			isa = XCBuildConfiguration;
			buildSettings = {
				ALWAYS_SEARCH_USER_PATHS = NO;
				ASSETCATALOG_COMPILER_GENERATE_SWIFT_ASSET_SYMBOL_EXTENSIONS = YES;
				CLANG_ANALYZER_NONNULL = YES;
				CLANG_ANALYZER_NUMBER_OBJECT_CONVERSION = YES_AGGRESSIVE;
				CLANG_CXX_LANGUAGE_STANDARD = "gnu++20";
				CLANG_ENABLE_MODULES = YES;
				CLANG_ENABLE_OBJC_ARC = YES;
				CLANG_ENABLE_OBJC_WEAK = YES;
				CLANG_WARN_BLOCK_CAPTURE_AUTORELEASING = YES;
				CLANG_WARN_BOOL_CONVERSION = YES;
				CLANG_WARN_COMMA = YES;
				CLANG_WARN_CONSTANT_CONVERSION = YES;
				CLANG_WARN_DEPRECATED_OBJC_IMPLEMENTATIONS = YES;
				CLANG_WARN_DIRECT_OBJC_ISA_USAGE = YES_ERROR;
				CLANG_WARN_DOCUMENTATION_COMMENTS = YES;
				CLANG_WARN_EMPTY_BODY = YES;
				CLANG_WARN_ENUM_CONVERSION = YES;
				CLANG_WARN_INFINITE_RECURSION = YES;
				CLANG_WARN_INT_CONVERSION = YES;
				CLANG_WARN_NON_LITERAL_NULL_CONVERSION = YES;
				CLANG_WARN_OBJC_IMPLICIT_RETAIN_SELF = YES;
				CLANG_WARN_OBJC_LITERAL_CONVERSION = YES;
				CLANG_WARN_OBJC_ROOT_CLASS = YES_ERROR;
				CLANG_WARN_QUOTED_INCLUDE_IN_FRAMEWORK_HEADER = YES;
				CLANG_WARN_RANGE_LOOP_ANALYSIS = YES;
				CLANG_WARN_STRICT_PROTOTYPES = YES;
				CLANG_WARN_SUSPICIOUS_MOVE = YES;
				CLANG_WARN_UNGUARDED_AVAILABILITY = YES_AGGRESSIVE;
				CLANG_WARN_UNREACHABLE_CODE = YES;
				CLANG_WARN__DUPLICATE_METHOD_MATCH = YES;
				COPY_PHASE_STRIP = NO;
				DEBUG_INFORMATION_FORMAT = "dwarf-with-dsym";
				DEVELOPMENT_TEAM = W3Q4RRN5YA;
				ENABLE_NS_ASSERTIONS = NO;
				ENABLE_STRICT_OBJC_MSGSEND = YES;
				ENABLE_USER_SCRIPT_SANDBOXING = YES;
				GCC_C_LANGUAGE_STANDARD = gnu17;
				GCC_NO_COMMON_BLOCKS = YES;
				GCC_WARN_64_TO_32_BIT_CONVERSION = YES;
				GCC_WARN_ABOUT_RETURN_TYPE = YES_ERROR;
				GCC_WARN_UNDECLARED_SELECTOR = YES;
				GCC_WARN_UNINITIALIZED_AUTOS = YES_AGGRESSIVE;
				GCC_WARN_UNUSED_FUNCTION = YES;
				GCC_WARN_UNUSED_VARIABLE = YES;
				LOCALIZATION_PREFERS_STRING_CATALOGS = YES;
				MTL_ENABLE_DEBUG_INFO = NO;
				MTL_FAST_MATH = YES;
				SWIFT_COMPILATION_MODE = wholemodule;
			};
			name = Release;
		};
		303A6B512FEFE68000E7DA19 /* Debug */ = {
			isa = XCBuildConfiguration;
			buildSettings = {
				ASSETCATALOG_COMPILER_APPICON_NAME = AppIcon;
				ASSETCATALOG_COMPILER_GLOBAL_ACCENT_COLOR_NAME = AccentColor;
				CODE_SIGN_ENTITLEMENTS = Config/notch_clip.entitlements;
				CODE_SIGN_STYLE = Automatic;
				CURRENT_PROJECT_VERSION = 1;
				DEVELOPMENT_TEAM = W3Q4RRN5YA;
				ENABLE_APP_SANDBOX = YES;
				ENABLE_HARDENED_RUNTIME = YES;
				ENABLE_PREVIEWS = YES;
				ENABLE_USER_SELECTED_FILES = readonly;
				GENERATE_INFOPLIST_FILE = NO;
				INFOPLIST_FILE = Config/Info.plist;
				INFOPLIST_KEY_CFBundleDisplayName = "Notch Clip";
				INFOPLIST_KEY_LSApplicationCategoryType = "public.app-category.developer-tools";
				LD_RUNPATH_SEARCH_PATHS = "@executable_path/Frameworks";
				"LD_RUNPATH_SEARCH_PATHS[sdk=macosx*]" = "@executable_path/../Frameworks";
				MACOSX_DEPLOYMENT_TARGET = 26.1;
				MARKETING_VERSION = 0.1.0;
				PRODUCT_BUNDLE_IDENTIFIER = "revvu.notch-clip";
				PRODUCT_NAME = "$(TARGET_NAME)";
				REGISTER_APP_GROUPS = YES;
				SDKROOT = macosx;
				STRING_CATALOG_GENERATE_SYMBOLS = YES;
				SUPPORTED_PLATFORMS = macosx;
				SWIFT_APPROACHABLE_CONCURRENCY = YES;
				SWIFT_DEFAULT_ACTOR_ISOLATION = MainActor;
				SWIFT_EMIT_LOC_STRINGS = YES;
				SWIFT_UPCOMING_FEATURE_MEMBER_IMPORT_VISIBILITY = YES;
				SWIFT_VERSION = 5.0;
			};
			name = Debug;
		};
		303A6B522FEFE68000E7DA19 /* Release */ = {
			isa = XCBuildConfiguration;
			buildSettings = {
				ASSETCATALOG_COMPILER_APPICON_NAME = AppIcon;
				ASSETCATALOG_COMPILER_GLOBAL_ACCENT_COLOR_NAME = AccentColor;
				CODE_SIGN_ENTITLEMENTS = Config/notch_clip.entitlements;
				CODE_SIGN_STYLE = Automatic;
				CURRENT_PROJECT_VERSION = 1;
				DEVELOPMENT_TEAM = W3Q4RRN5YA;
				ENABLE_APP_SANDBOX = YES;
				ENABLE_HARDENED_RUNTIME = YES;
				ENABLE_PREVIEWS = YES;
				ENABLE_USER_SELECTED_FILES = readonly;
				GENERATE_INFOPLIST_FILE = NO;
				INFOPLIST_FILE = Config/Info.plist;
				INFOPLIST_KEY_CFBundleDisplayName = "Notch Clip";
				INFOPLIST_KEY_LSApplicationCategoryType = "public.app-category.developer-tools";
				LD_RUNPATH_SEARCH_PATHS = "@executable_path/Frameworks";
				"LD_RUNPATH_SEARCH_PATHS[sdk=macosx*]" = "@executable_path/../Frameworks";
				MACOSX_DEPLOYMENT_TARGET = 26.1;
				MARKETING_VERSION = 0.1.0;
				PRODUCT_BUNDLE_IDENTIFIER = "revvu.notch-clip";
				PRODUCT_NAME = "$(TARGET_NAME)";
				REGISTER_APP_GROUPS = YES;
				SDKROOT = macosx;
				STRING_CATALOG_GENERATE_SYMBOLS = YES;
				SUPPORTED_PLATFORMS = macosx;
				SWIFT_APPROACHABLE_CONCURRENCY = YES;
				SWIFT_DEFAULT_ACTOR_ISOLATION = MainActor;
				SWIFT_EMIT_LOC_STRINGS = YES;
				SWIFT_UPCOMING_FEATURE_MEMBER_IMPORT_VISIBILITY = YES;
				SWIFT_VERSION = 5.0;
			};
			name = Release;
		};
		303A6B542FEFE68000E7DA19 /* Debug */ = {
			isa = XCBuildConfiguration;
			buildSettings = {
				BUNDLE_LOADER = "$(TEST_HOST)";
				CODE_SIGN_STYLE = Automatic;
				CURRENT_PROJECT_VERSION = 1;
				DEVELOPMENT_TEAM = W3Q4RRN5YA;
				GENERATE_INFOPLIST_FILE = YES;
				MACOSX_DEPLOYMENT_TARGET = 26.1;
				MARKETING_VERSION = 0.1.0;
				PRODUCT_BUNDLE_IDENTIFIER = "revvu.notch-clipTests";
				PRODUCT_NAME = "$(TARGET_NAME)";
				SDKROOT = macosx;
				STRING_CATALOG_GENERATE_SYMBOLS = NO;
				SUPPORTED_PLATFORMS = macosx;
				SWIFT_APPROACHABLE_CONCURRENCY = YES;
				SWIFT_EMIT_LOC_STRINGS = NO;
				SWIFT_UPCOMING_FEATURE_MEMBER_IMPORT_VISIBILITY = YES;
				SWIFT_VERSION = 5.0;
				TEST_HOST = "$(BUILT_PRODUCTS_DIR)/notch-clip.app/$(BUNDLE_EXECUTABLE_FOLDER_PATH)/notch-clip";
			};
			name = Debug;
		};
		303A6B552FEFE68000E7DA19 /* Release */ = {
			isa = XCBuildConfiguration;
			buildSettings = {
				BUNDLE_LOADER = "$(TEST_HOST)";
				CODE_SIGN_STYLE = Automatic;
				CURRENT_PROJECT_VERSION = 1;
				DEVELOPMENT_TEAM = W3Q4RRN5YA;
				GENERATE_INFOPLIST_FILE = YES;
				MACOSX_DEPLOYMENT_TARGET = 26.1;
				MARKETING_VERSION = 0.1.0;
				PRODUCT_BUNDLE_IDENTIFIER = "revvu.notch-clipTests";
				PRODUCT_NAME = "$(TARGET_NAME)";
				SDKROOT = macosx;
				STRING_CATALOG_GENERATE_SYMBOLS = NO;
				SUPPORTED_PLATFORMS = macosx;
				SWIFT_APPROACHABLE_CONCURRENCY = YES;
				SWIFT_EMIT_LOC_STRINGS = NO;
				SWIFT_UPCOMING_FEATURE_MEMBER_IMPORT_VISIBILITY = YES;
				SWIFT_VERSION = 5.0;
				TEST_HOST = "$(BUILT_PRODUCTS_DIR)/notch-clip.app/$(BUNDLE_EXECUTABLE_FOLDER_PATH)/notch-clip";
			};
			name = Release;
		};
		303A6B572FEFE68000E7DA19 /* Debug */ = {
			isa = XCBuildConfiguration;
			buildSettings = {
				CODE_SIGN_STYLE = Automatic;
				CURRENT_PROJECT_VERSION = 1;
				DEVELOPMENT_TEAM = W3Q4RRN5YA;
				GENERATE_INFOPLIST_FILE = YES;
				MACOSX_DEPLOYMENT_TARGET = 26.1;
				MARKETING_VERSION = 0.1.0;
				PRODUCT_BUNDLE_IDENTIFIER = "revvu.notch-clipUITests";
				PRODUCT_NAME = "$(TARGET_NAME)";
				SDKROOT = macosx;
				STRING_CATALOG_GENERATE_SYMBOLS = NO;
				SUPPORTED_PLATFORMS = macosx;
				SWIFT_APPROACHABLE_CONCURRENCY = YES;
				SWIFT_EMIT_LOC_STRINGS = NO;
				SWIFT_UPCOMING_FEATURE_MEMBER_IMPORT_VISIBILITY = YES;
				SWIFT_VERSION = 5.0;
				TEST_TARGET_NAME = "notch-clip";
			};
			name = Debug;
		};
		303A6B582FEFE68000E7DA19 /* Release */ = {
			isa = XCBuildConfiguration;
			buildSettings = {
				CODE_SIGN_STYLE = Automatic;
				CURRENT_PROJECT_VERSION = 1;
				DEVELOPMENT_TEAM = W3Q4RRN5YA;
				GENERATE_INFOPLIST_FILE = YES;
				MACOSX_DEPLOYMENT_TARGET = 26.1;
				MARKETING_VERSION = 0.1.0;
				PRODUCT_BUNDLE_IDENTIFIER = "revvu.notch-clipUITests";
				PRODUCT_NAME = "$(TARGET_NAME)";
				SDKROOT = macosx;
				STRING_CATALOG_GENERATE_SYMBOLS = NO;
				SUPPORTED_PLATFORMS = macosx;
				SWIFT_APPROACHABLE_CONCURRENCY = YES;
				SWIFT_EMIT_LOC_STRINGS = NO;
				SWIFT_UPCOMING_FEATURE_MEMBER_IMPORT_VISIBILITY = YES;
				SWIFT_VERSION = 5.0;
				TEST_TARGET_NAME = "notch-clip";
			};
			name = Release;
		};
/* End XCBuildConfiguration section */

/* Begin XCConfigurationList section */
		303A6B282FEFE67F00E7DA19 /* Build configuration list for PBXProject "notch-clip" */ = {
			isa = XCConfigurationList;
			buildConfigurations = (
				303A6B4E2FEFE68000E7DA19 /* Debug */,
				303A6B4F2FEFE68000E7DA19 /* Release */,
			);
			defaultConfigurationIsVisible = 0;
			defaultConfigurationName = Release;
		};
		303A6B502FEFE68000E7DA19 /* Build configuration list for PBXNativeTarget "notch-clip" */ = {
			isa = XCConfigurationList;
			buildConfigurations = (
				303A6B512FEFE68000E7DA19 /* Debug */,
				303A6B522FEFE68000E7DA19 /* Release */,
			);
			defaultConfigurationIsVisible = 0;
			defaultConfigurationName = Release;
		};
		303A6B532FEFE68000E7DA19 /* Build configuration list for PBXNativeTarget "notch-clipTests" */ = {
			isa = XCConfigurationList;
			buildConfigurations = (
				303A6B542FEFE68000E7DA19 /* Debug */,
				303A6B552FEFE68000E7DA19 /* Release */,
			);
			defaultConfigurationIsVisible = 0;
			defaultConfigurationName = Release;
		};
		303A6B562FEFE68000E7DA19 /* Build configuration list for PBXNativeTarget "notch-clipUITests" */ = {
			isa = XCConfigurationList;
			buildConfigurations = (
				303A6B572FEFE68000E7DA19 /* Debug */,
				303A6B582FEFE68000E7DA19 /* Release */,
			);
			defaultConfigurationIsVisible = 0;
			defaultConfigurationName = Release;
		};
/* End XCConfigurationList section */

/* Begin XCRemoteSwiftPackageReference section */
		7A0F0D022FF2000000010002 /* XCRemoteSwiftPackageReference "Sparkle" */ = {
			isa = XCRemoteSwiftPackageReference;
			repositoryURL = "https://github.com/sparkle-project/Sparkle";
			requirement = {
				kind = upToNextMajorVersion;
				minimumVersion = 2.9.3;
			};
		};
/* End XCRemoteSwiftPackageReference section */

/* Begin XCSwiftPackageProductDependency section */
		7A0F0D032FF2000000010003 /* Sparkle */ = {
			isa = XCSwiftPackageProductDependency;
			package = 7A0F0D022FF2000000010002 /* XCRemoteSwiftPackageReference "Sparkle" */;
			productName = Sparkle;
		};
/* End XCSwiftPackageProductDependency section */
	};
	rootObject = 303A6B252FEFE67F00E7DA19 /* Project object */;
}
